
Microsoft Visual Studio Solution File, Format Version 12.00
# Visual Studio 14
VisualStudioVersion = 14.0.25123.0
MinimumVisualStudioVersion = 10.0.40219.1
Project("{42572657-0AB3-4CE8-A8BC-08E537DDC080}") = "Sitecore.Support.228372", "Sitecore.Support.228372\Sitecore.Support.228372.csproj", "{F5000CD5-1CE2-4A0C-9439-3738446D7377}"
EndProject
Global
	GlobalSection(SolutionConfigurationPlatforms) = preSolution
		Debug|Any CPU = Debug|Any CPU
		Release|Any CPU = Release|Any CPU
	EndGlobalSection
	GlobalSection(ProjectConfigurationPlatforms) = postSolution
		{F5000CD5-1CE2-4A0C-9439-3738446D7377}.Debug|Any CPU.ActiveCfg = Debug|Any CPU
		{F5000CD5-1CE2-4A0C-9439-3738446D7377}.Debug|Any CPU.Build.0 = Debug|Any CPU
		{F5000CD5-1CE2-4A0C-9439-3738446D7377}.Release|Any CPU.ActiveCfg = Release|Any CPU
		{F5000CD5-1CE2-4A0C-9439-3738446D7377}.Release|Any CPU.Build.0 = Release|Any CPU
	EndGlobalSection
	GlobalSection(SolutionProperties) = preSolution
		HideSolutionNode = FALSE
	EndGlobalSection
EndGlobal
